
Microsoft Visual Studio Solution File, Format Version 12.00
# Visual Studio Version 17
VisualStudioVersion = 17.5.2.0
MinimumVisualStudioVersion = 10.0.40219.1
Project("{FAE04EC0-301F-11D3-BF4B-00C04F79EFBC}") = "ScopeMod", "ScopeMod.csproj", "{44E6D7B9-C71E-5853-69E4-F6D699A8F690}"
EndProject
Project("{2150E333-8FDC-42A3-9474-1A3956D46DE8}") = "tests", "tests", "{0AB3BF05-4346-4AA6-1389-037BE0695223}"
EndProject
Project("{FAE04EC0-301F-11D3-BF4B-00C04F79EFBC}") = "ScopeMod.Tests", "tests\ScopeMod.Tests.csproj", "{EBBAFFE2-5F22-4882-B158-DF5D1684172F}"
EndProject
Global
	GlobalSection(SolutionConfigurationPlatforms) = preSolution
		Debug|Any CPU = Debug|Any CPU
		Debug|x64 = Debug|x64
		Debug|x86 = Debug|x86
		Release|Any CPU = Release|Any CPU
		Release|x64 = Release|x64
		Release|x86 = Release|x86
	EndGlobalSection
	GlobalSection(ProjectConfigurationPlatforms) = postSolution
		{44E6D7B9-C71E-5853-69E4-F6D699A8F690}.Debug|Any CPU.ActiveCfg = Debug|Any CPU
		{44E6D7B9-C71E-5853-69E4-F6D699A8F690}.Debug|Any CPU.Build.0 = Debug|Any CPU
		{44E6D7B9-C71E-5853-69E4-F6D699A8F690}.Debug|x64.ActiveCfg = Debug|Any CPU
		{44E6D7B9-C71E-5853-69E4-F6D699A8F690}.Debug|x64.Build.0 = Debug|Any CPU
		{44E6D7B9-C71E-5853-69E4-F6D699A8F690}.Debug|x86.ActiveCfg = Debug|Any CPU
		{44E6D7B9-C71E-5853-69E4-F6D699A8F690}.Debug|x86.Build.0 = Debug|Any CPU
		{44E6D7B9-C71E-5853-69E4-F6D699A8F690}.Release|Any CPU.ActiveCfg = Release|Any CPU
		{44E6D7B9-C71E-5853-69E4-F6D699A8F690}.Release|Any CPU.Build.0 = Release|Any CPU
		{44E6D7B9-C71E-5853-69E4-F6D699A8F690}.Release|x64.ActiveCfg = Release|Any CPU
		{44E6D7B9-C71E-5853-69E4-F6D699A8F690}.Release|x64.Build.0 = Release|Any CPU
		{44E6D7B9-C71E-5853-69E4-F6D699A8F690}.Release|x86.ActiveCfg = Release|Any CPU
		{44E6D7B9-C71E-5853-69E4-F6D699A8F690}.Release|x86.Build.0 = Release|Any CPU
		{EBBAFFE2-5F22-4882-B158-DF5D1684172F}.Debug|Any CPU.ActiveCfg = Debug|Any CPU
		{EBBAFFE2-5F22-4882-B158-DF5D1684172F}.Debug|Any CPU.Build.0 = Debug|Any CPU
		{EBBAFFE2-5F22-4882-B158-DF5D1684172F}.Debug|x64.ActiveCfg = Debug|Any CPU
		{EBBAFFE2-5F22-4882-B158-DF5D1684172F}.Debug|x64.Build.0 = Debug|Any CPU
		{EBBAFFE2-5F22-4882-B158-DF5D1684172F}.Debug|x86.ActiveCfg = Debug|Any CPU
		{EBBAFFE2-5F22-4882-B158-DF5D1684172F}.Debug|x86.Build.0 = Debug|Any CPU
		{EBBAFFE2-5F22-4882-B158-DF5D1684172F}.Release|Any CPU.ActiveCfg = Release|Any CPU
		{EBBAFFE2-5F22-4882-B158-DF5D1684172F}.Release|Any CPU.Build.0 = Release|Any CPU
		{EBBAFFE2-5F22-4882-B158-DF5D1684172F}.Release|x64.ActiveCfg = Release|Any CPU
		{EBBAFFE2-5F22-4882-B158-DF5D1684172F}.Release|x64.Build.0 = Release|Any CPU
		{EBBAFFE2-5F22-4882-B158-DF5D1684172F}.Release|x86.ActiveCfg = Release|Any CPU
		{EBBAFFE2-5F22-4882-B158-DF5D1684172F}.Release|x86.Build.0 = Release|Any CPU
	EndGlobalSection
	GlobalSection(SolutionProperties) = preSolution
		HideSolutionNode = FALSE
	EndGlobalSection
	GlobalSection(NestedProjects) = preSolution
		{EBBAFFE2-5F22-4882-B158-DF5D1684172F} = {0AB3BF05-4346-4AA6-1389-037BE0695223}
	EndGlobalSection
	GlobalSection(ExtensibilityGlobals) = postSolution
		SolutionGuid = {F92ADDFB-0118-4246-9096-85EA41FF2F22}
	EndGlobalSection
EndGlobal
